
Microsoft Visual Studio Solution File, Format Version 12.00
# Visual Studio Version 17
VisualStudioVersion = 17.3.32922.545
MinimumVisualStudioVersion = 10.0.40219.1
Project("{FAE04EC0-301F-11D3-BF4B-00C04F79EFBC}") = "EmployeeCRUD", "EmployeeCRUD\EmployeeCRUD.csproj", "{8427289B-6C70-48EC-91ED-02FFA4DBBB8B}"
EndProject
Global
	GlobalSection(SolutionConfigurationPlatforms) = preSolution
		Debug|Any CPU = Debug|Any CPU
		Release|Any CPU = Release|Any CPU
	EndGlobalSection
	GlobalSection(ProjectConfigurationPlatforms) = postSolution
		{8427289B-6C70-48EC-91ED-02FFA4DBBB8B}.Debug|Any CPU.ActiveCfg = Debug|Any CPU
		{8427289B-6C70-48EC-91ED-02FFA4DBBB8B}.Debug|Any CPU.Build.0 = Debug|Any CPU
		{8427289B-6C70-48EC-91ED-02FFA4DBBB8B}.Release|Any CPU.ActiveCfg = Release|Any CPU
		{8427289B-6C70-48EC-91ED-02FFA4DBBB8B}.Release|Any CPU.Build.0 = Release|Any CPU
	EndGlobalSection
	GlobalSection(SolutionProperties) = preSolution
		HideSolutionNode = FALSE
	EndGlobalSection
	GlobalSection(ExtensibilityGlobals) = postSolution
		SolutionGuid = {AEBD82C6-9582-4C87-910C-DBCA23DC1389}
	EndGlobalSection
EndGlobal
